
Microsoft Visual Studio Solution File, Format Version 12.00
# Visual Studio 15
VisualStudioVersion = 15.0.28307.329
MinimumVisualStudioVersion = 10.0.40219.1
Project("{FAE04EC0-301F-11D3-BF4B-00C04F79EFBC}") = "vectorspis", "vectorspis\vectorspis.csproj", "{7616AEC0-6D3B-4B11-88A7-315BE7D77949}"
EndProject
Global
	GlobalSection(SolutionConfigurationPlatforms) = preSolution
		Debug|Any CPU = Debug|Any CPU
		Release|Any CPU = Release|Any CPU
	EndGlobalSection
	GlobalSection(ProjectConfigurationPlatforms) = postSolution
		{7616AEC0-6D3B-4B11-88A7-315BE7D77949}.Debug|Any CPU.ActiveCfg = Debug|Any CPU
		{7616AEC0-6D3B-4B11-88A7-315BE7D77949}.Debug|Any CPU.Build.0 = Debug|Any CPU
		{7616AEC0-6D3B-4B11-88A7-315BE7D77949}.Release|Any CPU.ActiveCfg = Release|Any CPU
		{7616AEC0-6D3B-4B11-88A7-315BE7D77949}.Release|Any CPU.Build.0 = Release|Any CPU
	EndGlobalSection
	GlobalSection(SolutionProperties) = preSolution
		HideSolutionNode = FALSE
	EndGlobalSection
	GlobalSection(ExtensibilityGlobals) = postSolution
		SolutionGuid = {D17610F9-983A-4B99-8094-2B5B0C4464B5}
	EndGlobalSection
EndGlobal
